
Microsoft Visual Studio Solution File, Format Version 12.00
# Visual Studio Version 16
VisualStudioVersion = 16.0.28729.10
MinimumVisualStudioVersion = 10.0.40219.1
Project("{FAE04EC0-301F-11D3-BF4B-00C04F79EFBC}") = "SFA.DAS.Payments.Verification", "SFA.DAS.Payments.Verification\SFA.DAS.Payments.Verification.csproj", "{33A5E3AE-4F0A-4298-984B-B89DFB2CE0F9}"
EndProject
Project("{00D1A9C2-B5F0-4AF3-8072-F6C62B433612}") = "SFA.DAS.Payments.Verification.Database", "SFA.DAS.Payments.Verification.Database\SFA.DAS.Payments.Verification.Database.sqlproj", "{68F53BF0-1788-444E-BE91-A2516B7E7CED}"
EndProject
Project("{FAE04EC0-301F-11D3-BF4B-00C04F79EFBC}") = "SFA.DAS.Payments.Migration", "SFA.DAS.Payments.Migration\SFA.DAS.Payments.Migration.csproj", "{3BA9070D-C8BE-419E-8E7E-D3D437971CDA}"
EndProject
Project("{FAE04EC0-301F-11D3-BF4B-00C04F79EFBC}") = "SFA.DAS.Payments.Contingency", "SFA.DAS.Payments.Contingency\SFA.DAS.Payments.Contingency.csproj", "{32F45F4F-0246-4DBB-BA9F-270F66963750}"
EndProject
Project("{FAE04EC0-301F-11D3-BF4B-00C04F79EFBC}") = "SFA.DAS.Payments.Verification.Earnings", "SFA.DAS.Payments.Verification.Earnings\SFA.DAS.Payments.Verification.Earnings.csproj", "{4A7E52C4-9B71-457A-B625-1D4E4567EDDC}"
EndProject
Project("{2150E333-8FDC-42A3-9474-1A3956D46DE8}") = "Solution Items", "Solution Items", "{295DA542-6814-4C81-B9B5-6C45A361BA36}"
	ProjectSection(SolutionItems) = preProject
		..\azure-pipelines.yml = ..\azure-pipelines.yml
	EndProjectSection
EndProject
Project("{FAE04EC0-301F-11D3-BF4B-00C04F79EFBC}") = "SFA.DAS.Payments.EarningsComparer", "SFA.DAS.Payments.EarningsComparer\SFA.DAS.Payments.EarningsComparer.csproj", "{989D17F7-5A9E-42FA-B01F-E59A00731985}"
EndProject
Project("{FAE04EC0-301F-11D3-BF4B-00C04F79EFBC}") = "SFA.DAS.Payments.CleanAuditTables", "SFA.DAS.Payments.CleanAuditTables\SFA.DAS.Payments.CleanAuditTables.csproj", "{14C0889B-7D95-4888-A4CC-9F8C0D9848C7}"
EndProject
Project("{FAE04EC0-301F-11D3-BF4B-00C04F79EFBC}") = "SFA.DAS.Payments.MetricsGeneration", "SFA.DAS.Payments.MetricsGeneration\SFA.DAS.Payments.MetricsGeneration.csproj", "{3613DFE0-F4F6-480C-ABB6-882BA7FE8CB2}"
EndProject
Project("{FAE04EC0-301F-11D3-BF4B-00C04F79EFBC}") = "SFA.DAS.Payments.AnonymiserTool", "SFA.DAS.Payments.AnonymiserTool\SFA.DAS.Payments.AnonymiserTool.csproj", "{2EB83684-A0BF-4792-9B1C-D92D2DEB5682}"
EndProject
Project("{FAE04EC0-301F-11D3-BF4B-00C04F79EFBC}") = "SDA.DAS.Payments.ConsoleUtilities", "SDA.DAS.Payments.ConsoleUtilities\SDA.DAS.Payments.ConsoleUtilities.csproj", "{A30D89FD-4D4E-4217-97E6-6D16797525F6}"
EndProject
Global
	GlobalSection(SolutionConfigurationPlatforms) = preSolution
		Debug|Any CPU = Debug|Any CPU
		Release|Any CPU = Release|Any CPU
	EndGlobalSection
	GlobalSection(ProjectConfigurationPlatforms) = postSolution
		{33A5E3AE-4F0A-4298-984B-B89DFB2CE0F9}.Debug|Any CPU.ActiveCfg = Debug|Any CPU
		{33A5E3AE-4F0A-4298-984B-B89DFB2CE0F9}.Debug|Any CPU.Build.0 = Debug|Any CPU
		{33A5E3AE-4F0A-4298-984B-B89DFB2CE0F9}.Release|Any CPU.ActiveCfg = Release|Any CPU
		{33A5E3AE-4F0A-4298-984B-B89DFB2CE0F9}.Release|Any CPU.Build.0 = Release|Any CPU
		{68F53BF0-1788-444E-BE91-A2516B7E7CED}.Debug|Any CPU.ActiveCfg = Debug|Any CPU
		{68F53BF0-1788-444E-BE91-A2516B7E7CED}.Debug|Any CPU.Build.0 = Debug|Any CPU
		{68F53BF0-1788-444E-BE91-A2516B7E7CED}.Debug|Any CPU.Deploy.0 = Debug|Any CPU
		{68F53BF0-1788-444E-BE91-A2516B7E7CED}.Release|Any CPU.ActiveCfg = Release|Any CPU
		{68F53BF0-1788-444E-BE91-A2516B7E7CED}.Release|Any CPU.Build.0 = Release|Any CPU
		{68F53BF0-1788-444E-BE91-A2516B7E7CED}.Release|Any CPU.Deploy.0 = Release|Any CPU
		{3BA9070D-C8BE-419E-8E7E-D3D437971CDA}.Debug|Any CPU.ActiveCfg = Debug|Any CPU
		{3BA9070D-C8BE-419E-8E7E-D3D437971CDA}.Debug|Any CPU.Build.0 = Debug|Any CPU
		{3BA9070D-C8BE-419E-8E7E-D3D437971CDA}.Release|Any CPU.ActiveCfg = Release|Any CPU
		{3BA9070D-C8BE-419E-8E7E-D3D437971CDA}.Release|Any CPU.Build.0 = Release|Any CPU
		{32F45F4F-0246-4DBB-BA9F-270F66963750}.Debug|Any CPU.ActiveCfg = Debug|Any CPU
		{32F45F4F-0246-4DBB-BA9F-270F66963750}.Debug|Any CPU.Build.0 = Debug|Any CPU
		{32F45F4F-0246-4DBB-BA9F-270F66963750}.Release|Any CPU.ActiveCfg = Release|Any CPU
		{32F45F4F-0246-4DBB-BA9F-270F66963750}.Release|Any CPU.Build.0 = Release|Any CPU
		{4A7E52C4-9B71-457A-B625-1D4E4567EDDC}.Debug|Any CPU.ActiveCfg = Debug|Any CPU
		{4A7E52C4-9B71-457A-B625-1D4E4567EDDC}.Debug|Any CPU.Build.0 = Debug|Any CPU
		{4A7E52C4-9B71-457A-B625-1D4E4567EDDC}.Release|Any CPU.ActiveCfg = Release|Any CPU
		{4A7E52C4-9B71-457A-B625-1D4E4567EDDC}.Release|Any CPU.Build.0 = Release|Any CPU
		{989D17F7-5A9E-42FA-B01F-E59A00731985}.Debug|Any CPU.ActiveCfg = Debug|Any CPU
		{989D17F7-5A9E-42FA-B01F-E59A00731985}.Debug|Any CPU.Build.0 = Debug|Any CPU
		{989D17F7-5A9E-42FA-B01F-E59A00731985}.Release|Any CPU.ActiveCfg = Release|Any CPU
		{989D17F7-5A9E-42FA-B01F-E59A00731985}.Release|Any CPU.Build.0 = Release|Any CPU
		{14C0889B-7D95-4888-A4CC-9F8C0D9848C7}.Debug|Any CPU.ActiveCfg = Debug|Any CPU
		{14C0889B-7D95-4888-A4CC-9F8C0D9848C7}.Debug|Any CPU.Build.0 = Debug|Any CPU
		{14C0889B-7D95-4888-A4CC-9F8C0D9848C7}.Release|Any CPU.ActiveCfg = Release|Any CPU
		{14C0889B-7D95-4888-A4CC-9F8C0D9848C7}.Release|Any CPU.Build.0 = Release|Any CPU
		{3613DFE0-F4F6-480C-ABB6-882BA7FE8CB2}.Debug|Any CPU.ActiveCfg = Debug|Any CPU
		{3613DFE0-F4F6-480C-ABB6-882BA7FE8CB2}.Debug|Any CPU.Build.0 = Debug|Any CPU
		{3613DFE0-F4F6-480C-ABB6-882BA7FE8CB2}.Release|Any CPU.ActiveCfg = Release|Any CPU
		{3613DFE0-F4F6-480C-ABB6-882BA7FE8CB2}.Release|Any CPU.Build.0 = Release|Any CPU
		{2EB83684-A0BF-4792-9B1C-D92D2DEB5682}.Debug|Any CPU.ActiveCfg = Debug|Any CPU
		{2EB83684-A0BF-4792-9B1C-D92D2DEB5682}.Debug|Any CPU.Build.0 = Debug|Any CPU
		{2EB83684-A0BF-4792-9B1C-D92D2DEB5682}.Release|Any CPU.ActiveCfg = Release|Any CPU
		{2EB83684-A0BF-4792-9B1C-D92D2DEB5682}.Release|Any CPU.Build.0 = Release|Any CPU
		{A30D89FD-4D4E-4217-97E6-6D16797525F6}.Debug|Any CPU.ActiveCfg = Debug|Any CPU
		{A30D89FD-4D4E-4217-97E6-6D16797525F6}.Debug|Any CPU.Build.0 = Debug|Any CPU
		{A30D89FD-4D4E-4217-97E6-6D16797525F6}.Release|Any CPU.ActiveCfg = Release|Any CPU
		{A30D89FD-4D4E-4217-97E6-6D16797525F6}.Release|Any CPU.Build.0 = Release|Any CPU
	EndGlobalSection
	GlobalSection(SolutionProperties) = preSolution
		HideSolutionNode = FALSE
	EndGlobalSection
	GlobalSection(ExtensibilityGlobals) = postSolution
		SolutionGuid = {6AF13DDF-F81F-4DE2-9253-A81CF2F081EC}
	EndGlobalSection
EndGlobal
